
Microsoft Visual Studio Solution File, Format Version 11.00
# Visual Studio 2010
Project("{8BC9CEB8-8B4A-11D0-8D11-00A0C91BC942}") = "Date_And_Time", "Date_And_Time\Date_And_Time.vcxproj", "{2C865DC3-3E14-440C-A930-D8C411BCEA8A}"
EndProject
Global
	GlobalSection(SolutionConfigurationPlatforms) = preSolution
		Debug|Win32 = Debug|Win32
		Release|Win32 = Release|Win32
	EndGlobalSection
	GlobalSection(ProjectConfigurationPlatforms) = postSolution
		{2C865DC3-3E14-440C-A930-D8C411BCEA8A}.Debug|Win32.ActiveCfg = Debug|Win32
		{2C865DC3-3E14-440C-A930-D8C411BCEA8A}.Debug|Win32.Build.0 = Debug|Win32
		{2C865DC3-3E14-440C-A930-D8C411BCEA8A}.Release|Win32.ActiveCfg = Release|Win32
		{2C865DC3-3E14-440C-A930-D8C411BCEA8A}.Release|Win32.Build.0 = Release|Win32
	EndGlobalSection
	GlobalSection(SolutionProperties) = preSolution
		HideSolutionNode = FALSE
	EndGlobalSection
EndGlobal
